
Microsoft Visual Studio Solution File, Format Version 12.00
# Visual Studio Version 16
VisualStudioVersion = 16.0.33214.272
MinimumVisualStudioVersion = 10.0.40219.1
Project("{9A19103F-16F7-4668-BE54-9A1E7A4F7556}") = "mission09_bzp123", "mission09_bzp123\mission09_bzp123.csproj", "{F7E30B01-E074-43E6-A175-BA83274A3A98}"
EndProject
Global
	GlobalSection(SolutionConfigurationPlatforms) = preSolution
		Debug|Any CPU = Debug|Any CPU
		Release|Any CPU = Release|Any CPU
	EndGlobalSection
	GlobalSection(ProjectConfigurationPlatforms) = postSolution
		{F7E30B01-E074-43E6-A175-BA83274A3A98}.Debug|Any CPU.ActiveCfg = Debug|Any CPU
		{F7E30B01-E074-43E6-A175-BA83274A3A98}.Debug|Any CPU.Build.0 = Debug|Any CPU
		{F7E30B01-E074-43E6-A175-BA83274A3A98}.Release|Any CPU.ActiveCfg = Release|Any CPU
		{F7E30B01-E074-43E6-A175-BA83274A3A98}.Release|Any CPU.Build.0 = Release|Any CPU
	EndGlobalSection
	GlobalSection(SolutionProperties) = preSolution
		HideSolutionNode = FALSE
	EndGlobalSection
	GlobalSection(ExtensibilityGlobals) = postSolution
		SolutionGuid = {8911C058-F6BF-4AC4-B6EC-43FC87B64F93}
	EndGlobalSection
EndGlobal
